
Microsoft Visual Studio Solution File, Format Version 12.00
# Visual Studio Version 17
VisualStudioVersion = 17.5.002.0
MinimumVisualStudioVersion = 10.0.40219.1
Project("{9A19103F-16F7-4668-BE54-9A1E7A4F7556}") = "HMT_PTPMQL_BKT", "HMT_PTPMQL_BKT.csproj", "{0281B672-0BE0-4BFA-AA3F-87F54B5BEABC}"
EndProject
Global
	GlobalSection(SolutionConfigurationPlatforms) = preSolution
		Debug|Any CPU = Debug|Any CPU
		Release|Any CPU = Release|Any CPU
	EndGlobalSection
	GlobalSection(ProjectConfigurationPlatforms) = postSolution
		{0281B672-0BE0-4BFA-AA3F-87F54B5BEABC}.Debug|Any CPU.ActiveCfg = Debug|Any CPU
		{0281B672-0BE0-4BFA-AA3F-87F54B5BEABC}.Debug|Any CPU.Build.0 = Debug|Any CPU
		{0281B672-0BE0-4BFA-AA3F-87F54B5BEABC}.Release|Any CPU.ActiveCfg = Release|Any CPU
		{0281B672-0BE0-4BFA-AA3F-87F54B5BEABC}.Release|Any CPU.Build.0 = Release|Any CPU
	EndGlobalSection
	GlobalSection(SolutionProperties) = preSolution
		HideSolutionNode = FALSE
	EndGlobalSection
	GlobalSection(ExtensibilityGlobals) = postSolution
		SolutionGuid = {E38150AC-7391-443A-9BCC-D9845F35EA15}
	EndGlobalSection
EndGlobal
